// !$*UTF8*$!
{
	archiveVersion = 1;
	classes = {
	};
	objectVersion = 56;
	objects = {

/* Begin PBXBuildFile section */
		0618EFFF2AB0311E003450B8 /* AppDelegate.swift in Sources */ = {isa = PBXBuildFile; fileRef = 0618EFFE2AB0311E003450B8 /* AppDelegate.swift */; };
		0618F0012AB0311E003450B8 /* SceneDelegate.swift in Sources */ = {isa = PBXBuildFile; fileRef = 0618F0002AB0311E003450B8 /* SceneDelegate.swift */; };
		0618F0032AB0311E003450B8 /* ViewController.swift in Sources */ = {isa = PBXBuildFile; fileRef = 0618F0022AB0311E003450B8 /* ViewController.swift */; };
		0618F0062AB0311E003450B8 /* Main.storyboard in Resources */ = {isa = PBXBuildFile; fileRef = 0618F0042AB0311E003450B8 /* Main.storyboard */; };
		0618F0082AB03120003450B8 /* Assets.xcassets in Resources */ = {isa = PBXBuildFile; fileRef = 0618F0072AB03120003450B8 /* Assets.xcassets */; };
		0618F00B2AB03120003450B8 /* LaunchScreen.storyboard in Resources */ = {isa = PBXBuildFile; fileRef = 0618F0092AB03120003450B8 /* LaunchScreen.storyboard */; };
		FD82F117E9A2A73FA7ECDFCB /* Pods_NewAppCICD.framework in Frameworks */ = {isa = PBXBuildFile; fileRef = BCE9279D122CCEEAD0A32DA4 /* Pods_NewAppCICD.framework */; };
/* End PBXBuildFile section */

/* Begin PBXFileReference section */
		0618EFFB2AB0311E003450B8 /* NewAppCICD.app */ = {isa = PBXFileReference; explicitFileType = wrapper.application; includeInIndex = 0; path = NewAppCICD.app; sourceTree = BUILT_PRODUCTS_DIR; };
		0618EFFE2AB0311E003450B8 /* AppDelegate.swift */ = {isa = PBXFileReference; lastKnownFileType = sourcecode.swift; path = AppDelegate.swift; sourceTree = "<group>"; };
		0618F0002AB0311E003450B8 /* SceneDelegate.swift */ = {isa = PBXFileReference; lastKnownFileType = sourcecode.swift; path = SceneDelegate.swift; sourceTree = "<group>"; };
		0618F0022AB0311E003450B8 /* ViewController.swift */ = {isa = PBXFileReference; lastKnownFileType = sourcecode.swift; path = ViewController.swift; sourceTree = "<group>"; };
		0618F0052AB0311E003450B8 /* Base */ = {isa = PBXFileReference; lastKnownFileType = file.storyboard; name = Base; path = Base.lproj/Main.storyboard; sourceTree = "<group>"; };
		0618F0072AB03120003450B8 /* Assets.xcassets */ = {isa = PBXFileReference; lastKnownFileType = folder.assetcatalog; path = Assets.xcassets; sourceTree = "<group>"; };
		0618F00A2AB03120003450B8 /* Base */ = {isa = PBXFileReference; lastKnownFileType = file.storyboard; name = Base; path = Base.lproj/LaunchScreen.storyboard; sourceTree = "<group>"; };
		0618F00C2AB03120003450B8 /* Info.plist */ = {isa = PBXFileReference; lastKnownFileType = text.plist.xml; path = Info.plist; sourceTree = "<group>"; };
		321A6140D96EB2F3E691984F /* Pods-NewAppCICD.debug.xcconfig */ = {isa = PBXFileReference; includeInIndex = 1; lastKnownFileType = text.xcconfig; name = "Pods-NewAppCICD.debug.xcconfig"; path = "Target Support Files/Pods-NewAppCICD/Pods-NewAppCICD.debug.xcconfig"; sourceTree = "<group>"; };
		BCE9279D122CCEEAD0A32DA4 /* Pods_NewAppCICD.framework */ = {isa = PBXFileReference; explicitFileType = wrapper.framework; includeInIndex = 0; path = Pods_NewAppCICD.framework; sourceTree = BUILT_PRODUCTS_DIR; };
		C87D0B0A4609A2531A185800 /* Pods-NewAppCICD.release.xcconfig */ = {isa = PBXFileReference; includeInIndex = 1; lastKnownFileType = text.xcconfig; name = "Pods-NewAppCICD.release.xcconfig"; path = "Target Support Files/Pods-NewAppCICD/Pods-NewAppCICD.release.xcconfig"; sourceTree = "<group>"; };
/* End PBXFileReference section */

/* Begin PBXFrameworksBuildPhase section */
		0618EFF82AB0311E003450B8 /* Frameworks */ = {
			isa = PBXFrameworksBuildPhase;
			buildActionMask = 2147483647;
			files = (
				FD82F117E9A2A73FA7ECDFCB /* Pods_NewAppCICD.framework in Frameworks */,
			);
			runOnlyForDeploymentPostprocessing = 0;
		};
/* End PBXFrameworksBuildPhase section */

/* Begin PBXGroup section */
		0618EFF22AB0311E003450B8 = {
			isa = PBXGroup;
			children = (
				0618EFFD2AB0311E003450B8 /* NewAppCICD */,
				0618EFFC2AB0311E003450B8 /* Products */,
				2089368AE40A3181E6B3C27A /* Pods */,
				62793F1BF42A5FE288D7E2AF /* Frameworks */,
			);
			sourceTree = "<group>";
		};
		0618EFFC2AB0311E003450B8 /* Products */ = {
			isa = PBXGroup;
			children = (
				0618EFFB2AB0311E003450B8 /* NewAppCICD.app */,
			);
			name = Products;
			sourceTree = "<group>";
		};
		0618EFFD2AB0311E003450B8 /* NewAppCICD */ = {
			isa = PBXGroup;
			children = (
				0618EFFE2AB0311E003450B8 /* AppDelegate.swift */,
				0618F0002AB0311E003450B8 /* SceneDelegate.swift */,
				0618F0022AB0311E003450B8 /* ViewController.swift */,
				0618F0042AB0311E003450B8 /* Main.storyboard */,
				0618F0072AB03120003450B8 /* Assets.xcassets */,
				0618F0092AB03120003450B8 /* LaunchScreen.storyboard */,
				0618F00C2AB03120003450B8 /* Info.plist */,
			);
			path = NewAppCICD;
			sourceTree = "<group>";
		};
		2089368AE40A3181E6B3C27A /* Pods */ = {
			isa = PBXGroup;
			children = (
				321A6140D96EB2F3E691984F /* Pods-NewAppCICD.debug.xcconfig */,
				C87D0B0A4609A2531A185800 /* Pods-NewAppCICD.release.xcconfig */,
			);
			path = Pods;
			sourceTree = "<group>";
		};
		62793F1BF42A5FE288D7E2AF /* Frameworks */ = {
			isa = PBXGroup;
			children = (
				BCE9279D122CCEEAD0A32DA4 /* Pods_NewAppCICD.framework */,
			);
			name = Frameworks;
			sourceTree = "<group>";
		};
/* End PBXGroup section */

/* Begin PBXNativeTarget section */
		0618EFFA2AB0311E003450B8 /* NewAppCICD */ = {
			isa = PBXNativeTarget;
			buildConfigurationList = 0618F00F2AB03120003450B8 /* Build configuration list for PBXNativeTarget "NewAppCICD" */;
			buildPhases = (
				852629A40B828609821A1487 /* [CP] Check Pods Manifest.lock */,
				0618EFF72AB0311E003450B8 /* Sources */,
				0618EFF82AB0311E003450B8 /* Frameworks */,
				0618EFF92AB0311E003450B8 /* Resources */,
			);
			buildRules = (
			);
			dependencies = (
			);
			name = NewAppCICD;
			productName = NewAppCICD;
			productReference = 0618EFFB2AB0311E003450B8 /* NewAppCICD.app */;
			productType = "com.apple.product-type.application";
		};
/* End PBXNativeTarget section */

/* Begin PBXProject section */
		0618EFF32AB0311E003450B8 /* Project object */ = {
			isa = PBXProject;
			attributes = {
				BuildIndependentTargetsInParallel = 1;
				LastSwiftUpdateCheck = 1430;
				LastUpgradeCheck = 1430;
				TargetAttributes = {
					0618EFFA2AB0311E003450B8 = {
						CreatedOnToolsVersion = 14.3.1;
					};
				};
			};
			buildConfigurationList = 0618EFF62AB0311E003450B8 /* Build configuration list for PBXProject "NewAppCICD" */;
			compatibilityVersion = "Xcode 14.0";
			developmentRegion = en;
			hasScannedForEncodings = 0;
			knownRegions = (
				en,
				Base,
			);
			mainGroup = 0618EFF22AB0311E003450B8;
			productRefGroup = 0618EFFC2AB0311E003450B8 /* Products */;
			projectDirPath = "";
			projectRoot = "";
			targets = (
				0618EFFA2AB0311E003450B8 /* NewAppCICD */,
			);
		};
/* End PBXProject section */

/* Begin PBXResourcesBuildPhase section */
		0618EFF92AB0311E003450B8 /* Resources */ = {
			isa = PBXResourcesBuildPhase;
			buildActionMask = 2147483647;
			files = (
				0618F00B2AB03120003450B8 /* LaunchScreen.storyboard in Resources */,
				0618F0082AB03120003450B8 /* Assets.xcassets in Resources */,
				0618F0062AB0311E003450B8 /* Main.storyboard in Resources */,
			);
			runOnlyForDeploymentPostprocessing = 0;
		};
/* End PBXResourcesBuildPhase section */

/* Begin PBXShellScriptBuildPhase section */
		852629A40B828609821A1487 /* [CP] Check Pods Manifest.lock */ = {
			isa = PBXShellScriptBuildPhase;
			buildActionMask = 2147483647;
			files = (
			);
			inputFileListPaths = (
			);
			inputPaths = (
				"${PODS_PODFILE_DIR_PATH}/Podfile.lock",
				"${PODS_ROOT}/Manifest.lock",
			);
			name = "[CP] Check Pods Manifest.lock";
			outputFileListPaths = (
			);
			outputPaths = (
				"$(DERIVED_FILE_DIR)/Pods-NewAppCICD-checkManifestLockResult.txt",
			);
			runOnlyForDeploymentPostprocessing = 0;
			shellPath = /bin/sh;
			shellScript = "diff \"${PODS_PODFILE_DIR_PATH}/Podfile.lock\" \"${PODS_ROOT}/Manifest.lock\" > /dev/null\nif [ $? != 0 ] ; then\n    # print error to STDERR\n    echo \"error: The sandbox is not in sync with the Podfile.lock. Run 'pod install' or update your CocoaPods installation.\" >&2\n    exit 1\nfi\n# This output is used by Xcode 'outputs' to avoid re-running this script phase.\necho \"SUCCESS\" > \"${SCRIPT_OUTPUT_FILE_0}\"\n";
			showEnvVarsInLog = 0;
		};
/* End PBXShellScriptBuildPhase section */

/* Begin PBXSourcesBuildPhase section */
		0618EFF72AB0311E003450B8 /* Sources */ = {
			isa = PBXSourcesBuildPhase;
			buildActionMask = 2147483647;
			files = (
				0618F0032AB0311E003450B8 /* ViewController.swift in Sources */,
				0618EFFF2AB0311E003450B8 /* AppDelegate.swift in Sources */,
				0618F0012AB0311E003450B8 /* SceneDelegate.swift in Sources */,
			);
			runOnlyForDeploymentPostprocessing = 0;
		};
/* End PBXSourcesBuildPhase section */

/* Begin PBXVariantGroup section */
		0618F0042AB0311E003450B8 /* Main.storyboard */ = {
			isa = PBXVariantGroup;
			children = (
				0618F0052AB0311E003450B8 /* Base */,
			);
			name = Main.storyboard;
			sourceTree = "<group>";
		};
		0618F0092AB03120003450B8 /* LaunchScreen.storyboard */ = {
			isa = PBXVariantGroup;
			children = (
				0618F00A2AB03120003450B8 /* Base */,
			);
			name = LaunchScreen.storyboard;
			sourceTree = "<group>";
		};
/* End PBXVariantGroup section */

/* Begin XCBuildConfiguration section */
		0618F00D2AB03120003450B8 /* Debug */ = {
			isa = XCBuildConfiguration;
			buildSettings = {
				ALWAYS_SEARCH_USER_PATHS = NO;
				CLANG_ANALYZER_NONNULL = YES;
				CLANG_ANALYZER_NUMBER_OBJECT_CONVERSION = YES_AGGRESSIVE;
				CLANG_CXX_LANGUAGE_STANDARD = "gnu++20";
				CLANG_ENABLE_MODULES = YES;
				CLANG_ENABLE_OBJC_ARC = YES;
				CLANG_ENABLE_OBJC_WEAK = YES;
				CLANG_WARN_BLOCK_CAPTURE_AUTORELEASING = YES;
				CLANG_WARN_BOOL_CONVERSION = YES;
				CLANG_WARN_COMMA = YES;
				CLANG_WARN_CONSTANT_CONVERSION = YES;
				CLANG_WARN_DEPRECATED_OBJC_IMPLEMENTATIONS = YES;
				CLANG_WARN_DIRECT_OBJC_ISA_USAGE = YES_ERROR;
				CLANG_WARN_DOCUMENTATION_COMMENTS = YES;
				CLANG_WARN_EMPTY_BODY = YES;
				CLANG_WARN_ENUM_CONVERSION = YES;
				CLANG_WARN_INFINITE_RECURSION = YES;
				CLANG_WARN_INT_CONVERSION = YES;
				CLANG_WARN_NON_LITERAL_NULL_CONVERSION = YES;
				CLANG_WARN_OBJC_IMPLICIT_RETAIN_SELF = YES;
				CLANG_WARN_OBJC_LITERAL_CONVERSION = YES;
				CLANG_WARN_OBJC_ROOT_CLASS = YES_ERROR;
				CLANG_WARN_QUOTED_INCLUDE_IN_FRAMEWORK_HEADER = YES;
				CLANG_WARN_RANGE_LOOP_ANALYSIS = YES;
				CLANG_WARN_STRICT_PROTOTYPES = YES;
				CLANG_WARN_SUSPICIOUS_MOVE = YES;
				CLANG_WARN_UNGUARDED_AVAILABILITY = YES_AGGRESSIVE;
				CLANG_WARN_UNREACHABLE_CODE = YES;
				CLANG_WARN__DUPLICATE_METHOD_MATCH = YES;
				COPY_PHASE_STRIP = NO;
				DEBUG_INFORMATION_FORMAT = dwarf;
				ENABLE_STRICT_OBJC_MSGSEND = YES;
				ENABLE_TESTABILITY = YES;
				GCC_C_LANGUAGE_STANDARD = gnu11;
				GCC_DYNAMIC_NO_PIC = NO;
				GCC_NO_COMMON_BLOCKS = YES;
				GCC_OPTIMIZATION_LEVEL = 0;
				GCC_PREPROCESSOR_DEFINITIONS = (
					"DEBUG=1",
					"$(inherited)",
				);
				GCC_WARN_64_TO_32_BIT_CONVERSION = YES;
				GCC_WARN_ABOUT_RETURN_TYPE = YES_ERROR;
				GCC_WARN_UNDECLARED_SELECTOR = YES;
				GCC_WARN_UNINITIALIZED_AUTOS = YES_AGGRESSIVE;
				GCC_WARN_UNUSED_FUNCTION = YES;
				GCC_WARN_UNUSED_VARIABLE = YES;
				IPHONEOS_DEPLOYMENT_TARGET = 16.0;
				MTL_ENABLE_DEBUG_INFO = INCLUDE_SOURCE;
				MTL_FAST_MATH = YES;
				ONLY_ACTIVE_ARCH = YES;
				SDKROOT = iphoneos;
				SWIFT_ACTIVE_COMPILATION_CONDITIONS = DEBUG;
				SWIFT_OPTIMIZATION_LEVEL = "-Onone";
			};
			name = Debug;
		};
		0618F00E2AB03120003450B8 /* Release */ = {
			isa = XCBuildConfiguration;
			buildSettings = {
				ALWAYS_SEARCH_USER_PATHS = NO;
				CLANG_ANALYZER_NONNULL = YES;
				CLANG_ANALYZER_NUMBER_OBJECT_CONVERSION = YES_AGGRESSIVE;
				CLANG_CXX_LANGUAGE_STANDARD = "gnu++20";
				CLANG_ENABLE_MODULES = YES;
				CLANG_ENABLE_OBJC_ARC = YES;
				CLANG_ENABLE_OBJC_WEAK = YES;
				CLANG_WARN_BLOCK_CAPTURE_AUTORELEASING = YES;
				CLANG_WARN_BOOL_CONVERSION = YES;
				CLANG_WARN_COMMA = YES;
				CLANG_WARN_CONSTANT_CONVERSION = YES;
				CLANG_WARN_DEPRECATED_OBJC_IMPLEMENTATIONS = YES;
				CLANG_WARN_DIRECT_OBJC_ISA_USAGE = YES_ERROR;
				CLANG_WARN_DOCUMENTATION_COMMENTS = YES;
				CLANG_WARN_EMPTY_BODY = YES;
				CLANG_WARN_ENUM_CONVERSION = YES;
				CLANG_WARN_INFINITE_RECURSION = YES;
				CLANG_WARN_INT_CONVERSION = YES;
				CLANG_WARN_NON_LITERAL_NULL_CONVERSION = YES;
				CLANG_WARN_OBJC_IMPLICIT_RETAIN_SELF = YES;
				CLANG_WARN_OBJC_LITERAL_CONVERSION = YES;
				CLANG_WARN_OBJC_ROOT_CLASS = YES_ERROR;
				CLANG_WARN_QUOTED_INCLUDE_IN_FRAMEWORK_HEADER = YES;
				CLANG_WARN_RANGE_LOOP_ANALYSIS = YES;
				CLANG_WARN_STRICT_PROTOTYPES = YES;
				CLANG_WARN_SUSPICIOUS_MOVE = YES;
				CLANG_WARN_UNGUARDED_AVAILABILITY = YES_AGGRESSIVE;
				CLANG_WARN_UNREACHABLE_CODE = YES;
				CLANG_WARN__DUPLICATE_METHOD_MATCH = YES;
				COPY_PHASE_STRIP = NO;
				DEBUG_INFORMATION_FORMAT = "dwarf-with-dsym";
				ENABLE_NS_ASSERTIONS = NO;
				ENABLE_STRICT_OBJC_MSGSEND = YES;
				GCC_C_LANGUAGE_STANDARD = gnu11;
				GCC_NO_COMMON_BLOCKS = YES;
				GCC_WARN_64_TO_32_BIT_CONVERSION = YES;
				GCC_WARN_ABOUT_RETURN_TYPE = YES_ERROR;
				GCC_WARN_UNDECLARED_SELECTOR = YES;
				GCC_WARN_UNINITIALIZED_AUTOS = YES_AGGRESSIVE;
				GCC_WARN_UNUSED_FUNCTION = YES;
				GCC_WARN_UNUSED_VARIABLE = YES;
				IPHONEOS_DEPLOYMENT_TARGET = 16.0;
				MTL_ENABLE_DEBUG_INFO = NO;
				MTL_FAST_MATH = YES;
				SDKROOT = iphoneos;
				SWIFT_COMPILATION_MODE = wholemodule;
				SWIFT_OPTIMIZATION_LEVEL = "-O";
				VALIDATE_PRODUCT = YES;
			};
			name = Release;
		};
		0618F0102AB03120003450B8 /* Debug */ = {
			isa = XCBuildConfiguration;
			baseConfigurationReference = 321A6140D96EB2F3E691984F /* Pods-NewAppCICD.debug.xcconfig */;
			buildSettings = {
				ASSETCATALOG_COMPILER_APPICON_NAME = AppIcon;
				ASSETCATALOG_COMPILER_GLOBAL_ACCENT_COLOR_NAME = AccentColor;
				"CODE_SIGN_IDENTITY[sdk=iphoneos*]" = "iPhone Distribution";
				CODE_SIGN_STYLE = Manual;
				CURRENT_PROJECT_VERSION = 1;
				DEVELOPMENT_TEAM = "";
				"DEVELOPMENT_TEAM[sdk=iphoneos*]" = 8H4VCQCSWU;
				GENERATE_INFOPLIST_FILE = YES;
				INFOPLIST_FILE = NewAppCICD/Info.plist;
				INFOPLIST_KEY_UIApplicationSupportsIndirectInputEvents = YES;
				INFOPLIST_KEY_UILaunchStoryboardName = LaunchScreen;
				INFOPLIST_KEY_UIMainStoryboardFile = Main;
				INFOPLIST_KEY_UISupportedInterfaceOrientations_iPad = "UIInterfaceOrientationPortrait UIInterfaceOrientationPortraitUpsideDown UIInterfaceOrientationLandscapeLeft UIInterfaceOrientationLandscapeRight";
				INFOPLIST_KEY_UISupportedInterfaceOrientations_iPhone = "UIInterfaceOrientationPortrait UIInterfaceOrientationLandscapeLeft UIInterfaceOrientationLandscapeRight";
				IPHONEOS_DEPLOYMENT_TARGET = 16.0;
				LD_RUNPATH_SEARCH_PATHS = (
					"$(inherited)",
					"@executable_path/Frameworks",
				);
				MARKETING_VERSION = 1.0;
				PRODUCT_BUNDLE_IDENTIFIER = com.Tissatech.NewAppCICD;
				PRODUCT_NAME = "$(TARGET_NAME)";
				PROVISIONING_PROFILE_SPECIFIER = "";
				"PROVISIONING_PROFILE_SPECIFIER[sdk=iphoneos*]" = "match AppStore com.Tissatech.NewAppCICD";
				SWIFT_EMIT_LOC_STRINGS = YES;
				SWIFT_VERSION = 5.0;
				TARGETED_DEVICE_FAMILY = "1,2";
			};
			name = Debug;
		};
		0618F0112AB03120003450B8 /* Release */ = {
			isa = XCBuildConfiguration;
			baseConfigurationReference = C87D0B0A4609A2531A185800 /* Pods-NewAppCICD.release.xcconfig */;
			buildSettings = {
				ASSETCATALOG_COMPILER_APPICON_NAME = AppIcon;
				ASSETCATALOG_COMPILER_GLOBAL_ACCENT_COLOR_NAME = AccentColor;
				"CODE_SIGN_IDENTITY[sdk=iphoneos*]" = "iPhone Distribution";
				CODE_SIGN_STYLE = Manual;
				CURRENT_PROJECT_VERSION = 1;
				DEVELOPMENT_TEAM = "";
				"DEVELOPMENT_TEAM[sdk=iphoneos*]" = 8H4VCQCSWU;
				GENERATE_INFOPLIST_FILE = YES;
				INFOPLIST_FILE = NewAppCICD/Info.plist;
				INFOPLIST_KEY_UIApplicationSupportsIndirectInputEvents = YES;
				INFOPLIST_KEY_UILaunchStoryboardName = LaunchScreen;
				INFOPLIST_KEY_UIMainStoryboardFile = Main;
				INFOPLIST_KEY_UISupportedInterfaceOrientations_iPad = "UIInterfaceOrientationPortrait UIInterfaceOrientationPortraitUpsideDown UIInterfaceOrientationLandscapeLeft UIInterfaceOrientationLandscapeRight";
				INFOPLIST_KEY_UISupportedInterfaceOrientations_iPhone = "UIInterfaceOrientationPortrait UIInterfaceOrientationLandscapeLeft UIInterfaceOrientationLandscapeRight";
				IPHONEOS_DEPLOYMENT_TARGET = 16.0;
				LD_RUNPATH_SEARCH_PATHS = (
					"$(inherited)",
					"@executable_path/Frameworks",
				);
				MARKETING_VERSION = 1.0;
				PRODUCT_BUNDLE_IDENTIFIER = com.Tissatech.NewAppCICD;
				PRODUCT_NAME = "$(TARGET_NAME)";
				PROVISIONING_PROFILE_SPECIFIER = "";
				"PROVISIONING_PROFILE_SPECIFIER[sdk=iphoneos*]" = "match AppStore com.Tissatech.NewAppCICD";
				SWIFT_EMIT_LOC_STRINGS = YES;
				SWIFT_VERSION = 5.0;
				TARGETED_DEVICE_FAMILY = "1,2";
			};
			name = Release;
		};
/* End XCBuildConfiguration section */

/* Begin XCConfigurationList section */
		0618EFF62AB0311E003450B8 /* Build configuration list for PBXProject "NewAppCICD" */ = {
			isa = XCConfigurationList;
			buildConfigurations = (
				0618F00D2AB03120003450B8 /* Debug */,
				0618F00E2AB03120003450B8 /* Release */,
			);
			defaultConfigurationIsVisible = 0;
			defaultConfigurationName = Release;
		};
		0618F00F2AB03120003450B8 /* Build configuration list for PBXNativeTarget "NewAppCICD" */ = {
			isa = XCConfigurationList;
			buildConfigurations = (
				0618F0102AB03120003450B8 /* Debug */,
				0618F0112AB03120003450B8 /* Release */,
			);
			defaultConfigurationIsVisible = 0;
			defaultConfigurationName = Release;
		};
/* End XCConfigurationList section */
	};
	rootObject = 0618EFF32AB0311E003450B8 /* Project object */;
}
